// !$*UTF8*$!
{
	archiveVersion = 1;
	classes = {
	};
	objectVersion = 46;
	objects = {

/* Begin PBXBuildFile section */
		8B46F2611E8B506500DEEF03 /* UINavigationController+Juny.m in Sources */ = {isa = PBXBuildFile; fileRef = 8B46F2601E8B506500DEEF03 /* UINavigationController+Juny.m */; };
		8B8DFDD51E8CD5B900B747C3 /* NLTransiton.m in Sources */ = {isa = PBXBuildFile; fileRef = 8B8DFDD41E8CD5B900B747C3 /* NLTransiton.m */; };
		8BB3D8B71E88A16D00C5D034 /* FirstViewController.m in Sources */ = {isa = PBXBuildFile; fileRef = 8BB3D8B61E88A16D00C5D034 /* FirstViewController.m */; };
		8BB96FFE1E84C6B300E58681 /* ImageViewController.m in Sources */ = {isa = PBXBuildFile; fileRef = 8BB96FFD1E84C6B300E58681 /* ImageViewController.m */; };
		8BC26EE51E7B863600588AF6 /* NLTransitionAnimation.m in Sources */ = {isa = PBXBuildFile; fileRef = 8BC26EE41E7B863600588AF6 /* NLTransitionAnimation.m */; };
		8BC26EE81E7BA84B00588AF6 /* CustomInteractionController.m in Sources */ = {isa = PBXBuildFile; fileRef = 8BC26EE71E7BA84B00588AF6 /* CustomInteractionController.m */; };
		8BDA5CFE1E7A321400C8A1A5 /* main.m in Sources */ = {isa = PBXBuildFile; fileRef = 8BDA5CFD1E7A321400C8A1A5 /* main.m */; };
		8BDA5D011E7A321400C8A1A5 /* AppDelegate.m in Sources */ = {isa = PBXBuildFile; fileRef = 8BDA5D001E7A321400C8A1A5 /* AppDelegate.m */; };
		8BDA5D041E7A321400C8A1A5 /* ViewController.m in Sources */ = {isa = PBXBuildFile; fileRef = 8BDA5D031E7A321400C8A1A5 /* ViewController.m */; };
		8BDA5D071E7A321400C8A1A5 /* Main.storyboard in Resources */ = {isa = PBXBuildFile; fileRef = 8BDA5D051E7A321400C8A1A5 /* Main.storyboard */; };
		8BDA5D0A1E7A321400C8A1A5 /* Juny_NavDemo.xcdatamodeld in Sources */ = {isa = PBXBuildFile; fileRef = 8BDA5D081E7A321400C8A1A5 /* Juny_NavDemo.xcdatamodeld */; };
		8BDA5D0C1E7A321400C8A1A5 /* Assets.xcassets in Resources */ = {isa = PBXBuildFile; fileRef = 8BDA5D0B1E7A321400C8A1A5 /* Assets.xcassets */; };
		8BDA5D0F1E7A321400C8A1A5 /* LaunchScreen.storyboard in Resources */ = {isa = PBXBuildFile; fileRef = 8BDA5D0D1E7A321400C8A1A5 /* LaunchScreen.storyboard */; };
		8BDA5D1A1E7A321400C8A1A5 /* Juny_NavDemoTests.m in Sources */ = {isa = PBXBuildFile; fileRef = 8BDA5D191E7A321400C8A1A5 /* Juny_NavDemoTests.m */; };
		8BDA5D251E7A321400C8A1A5 /* Juny_NavDemoUITests.m in Sources */ = {isa = PBXBuildFile; fileRef = 8BDA5D241E7A321400C8A1A5 /* Juny_NavDemoUITests.m */; };
		8BDA5D341E7A327800C8A1A5 /* UIViewController+NavExtension.m in Sources */ = {isa = PBXBuildFile; fileRef = 8BDA5D331E7A327800C8A1A5 /* UIViewController+NavExtension.m */; };
		8BDA5D361E7A451800C8A1A5 /* zhengti-bg.png in Resources */ = {isa = PBXBuildFile; fileRef = 8BDA5D351E7A451800C8A1A5 /* zhengti-bg.png */; };
		8BDA5D391E7A468900C8A1A5 /* SecondViewController.m in Sources */ = {isa = PBXBuildFile; fileRef = 8BDA5D381E7A468900C8A1A5 /* SecondViewController.m */; };
/* End PBXBuildFile section */

/* Begin PBXContainerItemProxy section */
		8BDA5D161E7A321400C8A1A5 /* PBXContainerItemProxy */ = {
			isa = PBXContainerItemProxy;
			containerPortal = 8BDA5CF11E7A321400C8A1A5 /* Project object */;
			proxyType = 1;
			remoteGlobalIDString = 8BDA5CF81E7A321400C8A1A5;
			remoteInfo = Juny_NavDemo;
		};
		8BDA5D211E7A321400C8A1A5 /* PBXContainerItemProxy */ = {
			isa = PBXContainerItemProxy;
			containerPortal = 8BDA5CF11E7A321400C8A1A5 /* Project object */;
			proxyType = 1;
			remoteGlobalIDString = 8BDA5CF81E7A321400C8A1A5;
			remoteInfo = Juny_NavDemo;
		};
/* End PBXContainerItemProxy section */

/* Begin PBXFileReference section */
		8B46F25F1E8B506500DEEF03 /* UINavigationController+Juny.h */ = {isa = PBXFileReference; fileEncoding = 4; lastKnownFileType = sourcecode.c.h; path = "UINavigationController+Juny.h"; sourceTree = "<group>"; };
		8B46F2601E8B506500DEEF03 /* UINavigationController+Juny.m */ = {isa = PBXFileReference; fileEncoding = 4; lastKnownFileType = sourcecode.c.objc; path = "UINavigationController+Juny.m"; sourceTree = "<group>"; };
		8B8DFDD31E8CD5B900B747C3 /* NLTransiton.h */ = {isa = PBXFileReference; fileEncoding = 4; lastKnownFileType = sourcecode.c.h; path = NLTransiton.h; sourceTree = "<group>"; };
		8B8DFDD41E8CD5B900B747C3 /* NLTransiton.m */ = {isa = PBXFileReference; fileEncoding = 4; lastKnownFileType = sourcecode.c.objc; path = NLTransiton.m; sourceTree = "<group>"; };
		8BB3D8B51E88A16D00C5D034 /* FirstViewController.h */ = {isa = PBXFileReference; fileEncoding = 4; lastKnownFileType = sourcecode.c.h; path = FirstViewController.h; sourceTree = "<group>"; };
		8BB3D8B61E88A16D00C5D034 /* FirstViewController.m */ = {isa = PBXFileReference; fileEncoding = 4; lastKnownFileType = sourcecode.c.objc; path = FirstViewController.m; sourceTree = "<group>"; };
		8BB96FFC1E84C6B300E58681 /* ImageViewController.h */ = {isa = PBXFileReference; fileEncoding = 4; lastKnownFileType = sourcecode.c.h; path = ImageViewController.h; sourceTree = "<group>"; };
		8BB96FFD1E84C6B300E58681 /* ImageViewController.m */ = {isa = PBXFileReference; fileEncoding = 4; lastKnownFileType = sourcecode.c.objc; path = ImageViewController.m; sourceTree = "<group>"; };
		8BC26EE31E7B863600588AF6 /* NLTransitionAnimation.h */ = {isa = PBXFileReference; fileEncoding = 4; lastKnownFileType = sourcecode.c.h; path = NLTransitionAnimation.h; sourceTree = "<group>"; };
		8BC26EE41E7B863600588AF6 /* NLTransitionAnimation.m */ = {isa = PBXFileReference; fileEncoding = 4; lastKnownFileType = sourcecode.c.objc; path = NLTransitionAnimation.m; sourceTree = "<group>"; };
		8BC26EE61E7BA84B00588AF6 /* CustomInteractionController.h */ = {isa = PBXFileReference; fileEncoding = 4; lastKnownFileType = sourcecode.c.h; path = CustomInteractionController.h; sourceTree = "<group>"; };
		8BC26EE71E7BA84B00588AF6 /* CustomInteractionController.m */ = {isa = PBXFileReference; fileEncoding = 4; lastKnownFileType = sourcecode.c.objc; path = CustomInteractionController.m; sourceTree = "<group>"; };
		8BDA5CF91E7A321400C8A1A5 /* Juny_NavDemo.app */ = {isa = PBXFileReference; explicitFileType = wrapper.application; includeInIndex = 0; path = Juny_NavDemo.app; sourceTree = BUILT_PRODUCTS_DIR; };
		8BDA5CFD1E7A321400C8A1A5 /* main.m */ = {isa = PBXFileReference; lastKnownFileType = sourcecode.c.objc; path = main.m; sourceTree = "<group>"; };
		8BDA5CFF1E7A321400C8A1A5 /* AppDelegate.h */ = {isa = PBXFileReference; lastKnownFileType = sourcecode.c.h; path = AppDelegate.h; sourceTree = "<group>"; };
		8BDA5D001E7A321400C8A1A5 /* AppDelegate.m */ = {isa = PBXFileReference; lastKnownFileType = sourcecode.c.objc; path = AppDelegate.m; sourceTree = "<group>"; };
		8BDA5D021E7A321400C8A1A5 /* ViewController.h */ = {isa = PBXFileReference; lastKnownFileType = sourcecode.c.h; path = ViewController.h; sourceTree = "<group>"; };
		8BDA5D031E7A321400C8A1A5 /* ViewController.m */ = {isa = PBXFileReference; lastKnownFileType = sourcecode.c.objc; path = ViewController.m; sourceTree = "<group>"; };
		8BDA5D061E7A321400C8A1A5 /* Base */ = {isa = PBXFileReference; lastKnownFileType = file.storyboard; name = Base; path = Base.lproj/Main.storyboard; sourceTree = "<group>"; };
		8BDA5D091E7A321400C8A1A5 /* Juny_NavDemo.xcdatamodel */ = {isa = PBXFileReference; lastKnownFileType = wrapper.xcdatamodel; path = Juny_NavDemo.xcdatamodel; sourceTree = "<group>"; };
		8BDA5D0B1E7A321400C8A1A5 /* Assets.xcassets */ = {isa = PBXFileReference; lastKnownFileType = folder.assetcatalog; path = Assets.xcassets; sourceTree = "<group>"; };
		8BDA5D0E1E7A321400C8A1A5 /* Base */ = {isa = PBXFileReference; lastKnownFileType = file.storyboard; name = Base; path = Base.lproj/LaunchScreen.storyboard; sourceTree = "<group>"; };
		8BDA5D101E7A321400C8A1A5 /* Info.plist */ = {isa = PBXFileReference; lastKnownFileType = text.plist.xml; path = Info.plist; sourceTree = "<group>"; };
		8BDA5D151E7A321400C8A1A5 /* Juny_NavDemoTests.xctest */ = {isa = PBXFileReference; explicitFileType = wrapper.cfbundle; includeInIndex = 0; path = Juny_NavDemoTests.xctest; sourceTree = BUILT_PRODUCTS_DIR; };
		8BDA5D191E7A321400C8A1A5 /* Juny_NavDemoTests.m */ = {isa = PBXFileReference; lastKnownFileType = sourcecode.c.objc; path = Juny_NavDemoTests.m; sourceTree = "<group>"; };
		8BDA5D1B1E7A321400C8A1A5 /* Info.plist */ = {isa = PBXFileReference; lastKnownFileType = text.plist.xml; path = Info.plist; sourceTree = "<group>"; };
		8BDA5D201E7A321400C8A1A5 /* Juny_NavDemoUITests.xctest */ = {isa = PBXFileReference; explicitFileType = wrapper.cfbundle; includeInIndex = 0; path = Juny_NavDemoUITests.xctest; sourceTree = BUILT_PRODUCTS_DIR; };
		8BDA5D241E7A321400C8A1A5 /* Juny_NavDemoUITests.m */ = {isa = PBXFileReference; lastKnownFileType = sourcecode.c.objc; path = Juny_NavDemoUITests.m; sourceTree = "<group>"; };
		8BDA5D261E7A321400C8A1A5 /* Info.plist */ = {isa = PBXFileReference; lastKnownFileType = text.plist.xml; path = Info.plist; sourceTree = "<group>"; };
		8BDA5D321E7A327800C8A1A5 /* UIViewController+NavExtension.h */ = {isa = PBXFileReference; fileEncoding = 4; lastKnownFileType = sourcecode.c.h; path = "UIViewController+NavExtension.h"; sourceTree = "<group>"; };
		8BDA5D331E7A327800C8A1A5 /* UIViewController+NavExtension.m */ = {isa = PBXFileReference; fileEncoding = 4; lastKnownFileType = sourcecode.c.objc; path = "UIViewController+NavExtension.m"; sourceTree = "<group>"; };
		8BDA5D351E7A451800C8A1A5 /* zhengti-bg.png */ = {isa = PBXFileReference; lastKnownFileType = image.png; path = "zhengti-bg.png"; sourceTree = "<group>"; };
		8BDA5D371E7A468900C8A1A5 /* SecondViewController.h */ = {isa = PBXFileReference; fileEncoding = 4; lastKnownFileType = sourcecode.c.h; path = SecondViewController.h; sourceTree = "<group>"; };
		8BDA5D381E7A468900C8A1A5 /* SecondViewController.m */ = {isa = PBXFileReference; fileEncoding = 4; lastKnownFileType = sourcecode.c.objc; path = SecondViewController.m; sourceTree = "<group>"; };
/* End PBXFileReference section */

/* Begin PBXFrameworksBuildPhase section */
		8BDA5CF61E7A321400C8A1A5 /* Frameworks */ = {
			isa = PBXFrameworksBuildPhase;
			buildActionMask = 2147483647;
			files = (
			);
			runOnlyForDeploymentPostprocessing = 0;
		};
		8BDA5D121E7A321400C8A1A5 /* Frameworks */ = {
			isa = PBXFrameworksBuildPhase;
			buildActionMask = 2147483647;
			files = (
			);
			runOnlyForDeploymentPostprocessing = 0;
		};
		8BDA5D1D1E7A321400C8A1A5 /* Frameworks */ = {
			isa = PBXFrameworksBuildPhase;
			buildActionMask = 2147483647;
			files = (
			);
			runOnlyForDeploymentPostprocessing = 0;
		};
/* End PBXFrameworksBuildPhase section */

/* Begin PBXGroup section */
		8BDA5CF01E7A321400C8A1A5 = {
			isa = PBXGroup;
			children = (
				8BDA5CFB1E7A321400C8A1A5 /* Juny_NavDemo */,
				8BDA5D181E7A321400C8A1A5 /* Juny_NavDemoTests */,
				8BDA5D231E7A321400C8A1A5 /* Juny_NavDemoUITests */,
				8BDA5CFA1E7A321400C8A1A5 /* Products */,
			);
			sourceTree = "<group>";
		};
		8BDA5CFA1E7A321400C8A1A5 /* Products */ = {
			isa = PBXGroup;
			children = (
				8BDA5CF91E7A321400C8A1A5 /* Juny_NavDemo.app */,
				8BDA5D151E7A321400C8A1A5 /* Juny_NavDemoTests.xctest */,
				8BDA5D201E7A321400C8A1A5 /* Juny_NavDemoUITests.xctest */,
			);
			name = Products;
			sourceTree = "<group>";
		};
		8BDA5CFB1E7A321400C8A1A5 /* Juny_NavDemo */ = {
			isa = PBXGroup;
			children = (
				8BDA5D351E7A451800C8A1A5 /* zhengti-bg.png */,
				8BDA5CFF1E7A321400C8A1A5 /* AppDelegate.h */,
				8BDA5D001E7A321400C8A1A5 /* AppDelegate.m */,
				8BDA5D021E7A321400C8A1A5 /* ViewController.h */,
				8BDA5D031E7A321400C8A1A5 /* ViewController.m */,
				8BB3D8B51E88A16D00C5D034 /* FirstViewController.h */,
				8BB3D8B61E88A16D00C5D034 /* FirstViewController.m */,
				8BDA5D371E7A468900C8A1A5 /* SecondViewController.h */,
				8BDA5D381E7A468900C8A1A5 /* SecondViewController.m */,
				8BB96FFC1E84C6B300E58681 /* ImageViewController.h */,
				8BB96FFD1E84C6B300E58681 /* ImageViewController.m */,
				8BDA5D321E7A327800C8A1A5 /* UIViewController+NavExtension.h */,
				8BDA5D331E7A327800C8A1A5 /* UIViewController+NavExtension.m */,
				8B46F25F1E8B506500DEEF03 /* UINavigationController+Juny.h */,
				8B46F2601E8B506500DEEF03 /* UINavigationController+Juny.m */,
				8BC26EE31E7B863600588AF6 /* NLTransitionAnimation.h */,
				8BC26EE41E7B863600588AF6 /* NLTransitionAnimation.m */,
				8B8DFDD31E8CD5B900B747C3 /* NLTransiton.h */,
				8B8DFDD41E8CD5B900B747C3 /* NLTransiton.m */,
				8BC26EE61E7BA84B00588AF6 /* CustomInteractionController.h */,
				8BC26EE71E7BA84B00588AF6 /* CustomInteractionController.m */,
				8BDA5D051E7A321400C8A1A5 /* Main.storyboard */,
				8BDA5D0B1E7A321400C8A1A5 /* Assets.xcassets */,
				8BDA5D0D1E7A321400C8A1A5 /* LaunchScreen.storyboard */,
				8BDA5D101E7A321400C8A1A5 /* Info.plist */,
				8BDA5D081E7A321400C8A1A5 /* Juny_NavDemo.xcdatamodeld */,
				8BDA5CFC1E7A321400C8A1A5 /* Supporting Files */,
			);
			path = Juny_NavDemo;
			sourceTree = "<group>";
		};
		8BDA5CFC1E7A321400C8A1A5 /* Supporting Files */ = {
			isa = PBXGroup;
			children = (
				8BDA5CFD1E7A321400C8A1A5 /* main.m */,
			);
			name = "Supporting Files";
			sourceTree = "<group>";
		};
		8BDA5D181E7A321400C8A1A5 /* Juny_NavDemoTests */ = {
			isa = PBXGroup;
			children = (
				8BDA5D191E7A321400C8A1A5 /* Juny_NavDemoTests.m */,
				8BDA5D1B1E7A321400C8A1A5 /* Info.plist */,
			);
			path = Juny_NavDemoTests;
			sourceTree = "<group>";
		};
		8BDA5D231E7A321400C8A1A5 /* Juny_NavDemoUITests */ = {
			isa = PBXGroup;
			children = (
				8BDA5D241E7A321400C8A1A5 /* Juny_NavDemoUITests.m */,
				8BDA5D261E7A321400C8A1A5 /* Info.plist */,
			);
			path = Juny_NavDemoUITests;
			sourceTree = "<group>";
		};
/* End PBXGroup section */

/* Begin PBXNativeTarget section */
		8BDA5CF81E7A321400C8A1A5 /* Juny_NavDemo */ = {
			isa = PBXNativeTarget;
			buildConfigurationList = 8BDA5D291E7A321400C8A1A5 /* Build configuration list for PBXNativeTarget "Juny_NavDemo" */;
			buildPhases = (
				8BDA5CF51E7A321400C8A1A5 /* Sources */,
				8BDA5CF61E7A321400C8A1A5 /* Frameworks */,
				8BDA5CF71E7A321400C8A1A5 /* Resources */,
			);
			buildRules = (
			);
			dependencies = (
			);
			name = Juny_NavDemo;
			productName = Juny_NavDemo;
			productReference = 8BDA5CF91E7A321400C8A1A5 /* Juny_NavDemo.app */;
			productType = "com.apple.product-type.application";
		};
		8BDA5D141E7A321400C8A1A5 /* Juny_NavDemoTests */ = {
			isa = PBXNativeTarget;
			buildConfigurationList = 8BDA5D2C1E7A321400C8A1A5 /* Build configuration list for PBXNativeTarget "Juny_NavDemoTests" */;
			buildPhases = (
				8BDA5D111E7A321400C8A1A5 /* Sources */,
				8BDA5D121E7A321400C8A1A5 /* Frameworks */,
				8BDA5D131E7A321400C8A1A5 /* Resources */,
			);
			buildRules = (
			);
			dependencies = (
				8BDA5D171E7A321400C8A1A5 /* PBXTargetDependency */,
			);
			name = Juny_NavDemoTests;
			productName = Juny_NavDemoTests;
			productReference = 8BDA5D151E7A321400C8A1A5 /* Juny_NavDemoTests.xctest */;
			productType = "com.apple.product-type.bundle.unit-test";
		};
		8BDA5D1F1E7A321400C8A1A5 /* Juny_NavDemoUITests */ = {
			isa = PBXNativeTarget;
			buildConfigurationList = 8BDA5D2F1E7A321400C8A1A5 /* Build configuration list for PBXNativeTarget "Juny_NavDemoUITests" */;
			buildPhases = (
				8BDA5D1C1E7A321400C8A1A5 /* Sources */,
				8BDA5D1D1E7A321400C8A1A5 /* Frameworks */,
				8BDA5D1E1E7A321400C8A1A5 /* Resources */,
			);
			buildRules = (
			);
			dependencies = (
				8BDA5D221E7A321400C8A1A5 /* PBXTargetDependency */,
			);
			name = Juny_NavDemoUITests;
			productName = Juny_NavDemoUITests;
			productReference = 8BDA5D201E7A321400C8A1A5 /* Juny_NavDemoUITests.xctest */;
			productType = "com.apple.product-type.bundle.ui-testing";
		};
/* End PBXNativeTarget section */

/* Begin PBXProject section */
		8BDA5CF11E7A321400C8A1A5 /* Project object */ = {
			isa = PBXProject;
			attributes = {
				LastUpgradeCheck = 0820;
				ORGANIZATIONNAME = Juny_song;
				TargetAttributes = {
					8BDA5CF81E7A321400C8A1A5 = {
						CreatedOnToolsVersion = 8.2.1;
						DevelopmentTeam = PA2V7TLZSR;
						ProvisioningStyle = Automatic;
					};
					8BDA5D141E7A321400C8A1A5 = {
						CreatedOnToolsVersion = 8.2.1;
						DevelopmentTeam = PA2V7TLZSR;
						ProvisioningStyle = Automatic;
						TestTargetID = 8BDA5CF81E7A321400C8A1A5;
					};
					8BDA5D1F1E7A321400C8A1A5 = {
						CreatedOnToolsVersion = 8.2.1;
						DevelopmentTeam = PA2V7TLZSR;
						ProvisioningStyle = Automatic;
						TestTargetID = 8BDA5CF81E7A321400C8A1A5;
					};
				};
			};
			buildConfigurationList = 8BDA5CF41E7A321400C8A1A5 /* Build configuration list for PBXProject "Juny_NavDemo" */;
			compatibilityVersion = "Xcode 3.2";
			developmentRegion = English;
			hasScannedForEncodings = 0;
			knownRegions = (
				en,
				Base,
			);
			mainGroup = 8BDA5CF01E7A321400C8A1A5;
			productRefGroup = 8BDA5CFA1E7A321400C8A1A5 /* Products */;
			projectDirPath = "";
			projectRoot = "";
			targets = (
				8BDA5CF81E7A321400C8A1A5 /* Juny_NavDemo */,
				8BDA5D141E7A321400C8A1A5 /* Juny_NavDemoTests */,
				8BDA5D1F1E7A321400C8A1A5 /* Juny_NavDemoUITests */,
			);
		};
/* End PBXProject section */

/* Begin PBXResourcesBuildPhase section */
		8BDA5CF71E7A321400C8A1A5 /* Resources */ = {
			isa = PBXResourcesBuildPhase;
			buildActionMask = 2147483647;
			files = (
				8BDA5D361E7A451800C8A1A5 /* zhengti-bg.png in Resources */,
				8BDA5D0F1E7A321400C8A1A5 /* LaunchScreen.storyboard in Resources */,
				8BDA5D0C1E7A321400C8A1A5 /* Assets.xcassets in Resources */,
				8BDA5D071E7A321400C8A1A5 /* Main.storyboard in Resources */,
			);
			runOnlyForDeploymentPostprocessing = 0;
		};
		8BDA5D131E7A321400C8A1A5 /* Resources */ = {
			isa = PBXResourcesBuildPhase;
			buildActionMask = 2147483647;
			files = (
			);
			runOnlyForDeploymentPostprocessing = 0;
		};
		8BDA5D1E1E7A321400C8A1A5 /* Resources */ = {
			isa = PBXResourcesBuildPhase;
			buildActionMask = 2147483647;
			files = (
			);
			runOnlyForDeploymentPostprocessing = 0;
		};
/* End PBXResourcesBuildPhase section */

/* Begin PBXSourcesBuildPhase section */
		8BDA5CF51E7A321400C8A1A5 /* Sources */ = {
			isa = PBXSourcesBuildPhase;
			buildActionMask = 2147483647;
			files = (
				8BDA5D391E7A468900C8A1A5 /* SecondViewController.m in Sources */,
				8B46F2611E8B506500DEEF03 /* UINavigationController+Juny.m in Sources */,
				8BDA5D0A1E7A321400C8A1A5 /* Juny_NavDemo.xcdatamodeld in Sources */,
				8BDA5D041E7A321400C8A1A5 /* ViewController.m in Sources */,
				8B8DFDD51E8CD5B900B747C3 /* NLTransiton.m in Sources */,
				8BDA5D341E7A327800C8A1A5 /* UIViewController+NavExtension.m in Sources */,
				8BC26EE51E7B863600588AF6 /* NLTransitionAnimation.m in Sources */,
				8BDA5D011E7A321400C8A1A5 /* AppDelegate.m in Sources */,
				8BB96FFE1E84C6B300E58681 /* ImageViewController.m in Sources */,
				8BB3D8B71E88A16D00C5D034 /* FirstViewController.m in Sources */,
				8BDA5CFE1E7A321400C8A1A5 /* main.m in Sources */,
				8BC26EE81E7BA84B00588AF6 /* CustomInteractionController.m in Sources */,
			);
			runOnlyForDeploymentPostprocessing = 0;
		};
		8BDA5D111E7A321400C8A1A5 /* Sources */ = {
			isa = PBXSourcesBuildPhase;
			buildActionMask = 2147483647;
			files = (
				8BDA5D1A1E7A321400C8A1A5 /* Juny_NavDemoTests.m in Sources */,
			);
			runOnlyForDeploymentPostprocessing = 0;
		};
		8BDA5D1C1E7A321400C8A1A5 /* Sources */ = {
			isa = PBXSourcesBuildPhase;
			buildActionMask = 2147483647;
			files = (
				8BDA5D251E7A321400C8A1A5 /* Juny_NavDemoUITests.m in Sources */,
			);
			runOnlyForDeploymentPostprocessing = 0;
		};
/* End PBXSourcesBuildPhase section */

/* Begin PBXTargetDependency section */
		8BDA5D171E7A321400C8A1A5 /* PBXTargetDependency */ = {
			isa = PBXTargetDependency;
			target = 8BDA5CF81E7A321400C8A1A5 /* Juny_NavDemo */;
			targetProxy = 8BDA5D161E7A321400C8A1A5 /* PBXContainerItemProxy */;
		};
		8BDA5D221E7A321400C8A1A5 /* PBXTargetDependency */ = {
			isa = PBXTargetDependency;
			target = 8BDA5CF81E7A321400C8A1A5 /* Juny_NavDemo */;
			targetProxy = 8BDA5D211E7A321400C8A1A5 /* PBXContainerItemProxy */;
		};
/* End PBXTargetDependency section */

/* Begin PBXVariantGroup section */
		8BDA5D051E7A321400C8A1A5 /* Main.storyboard */ = {
			isa = PBXVariantGroup;
			children = (
				8BDA5D061E7A321400C8A1A5 /* Base */,
			);
			name = Main.storyboard;
			sourceTree = "<group>";
		};
		8BDA5D0D1E7A321400C8A1A5 /* LaunchScreen.storyboard */ = {
			isa = PBXVariantGroup;
			children = (
				8BDA5D0E1E7A321400C8A1A5 /* Base */,
			);
			name = LaunchScreen.storyboard;
			sourceTree = "<group>";
		};
/* End PBXVariantGroup section */

/* Begin XCBuildConfiguration section */
		8BDA5D271E7A321400C8A1A5 /* Debug */ = {
			isa = XCBuildConfiguration;
			buildSettings = {
				ALWAYS_SEARCH_USER_PATHS = NO;
				CLANG_ANALYZER_NONNULL = YES;
				CLANG_CXX_LANGUAGE_STANDARD = "gnu++0x";
				CLANG_CXX_LIBRARY = "libc++";
				CLANG_ENABLE_MODULES = YES;
				CLANG_ENABLE_OBJC_ARC = YES;
				CLANG_WARN_BOOL_CONVERSION = YES;
				CLANG_WARN_CONSTANT_CONVERSION = YES;
				CLANG_WARN_DIRECT_OBJC_ISA_USAGE = YES_ERROR;
				CLANG_WARN_DOCUMENTATION_COMMENTS = YES;
				CLANG_WARN_EMPTY_BODY = YES;
				CLANG_WARN_ENUM_CONVERSION = YES;
				CLANG_WARN_INFINITE_RECURSION = YES;
				CLANG_WARN_INT_CONVERSION = YES;
				CLANG_WARN_OBJC_ROOT_CLASS = YES_ERROR;
				CLANG_WARN_SUSPICIOUS_MOVE = YES;
				CLANG_WARN_UNREACHABLE_CODE = YES;
				CLANG_WARN__DUPLICATE_METHOD_MATCH = YES;
				"CODE_SIGN_IDENTITY[sdk=iphoneos*]" = "iPhone Developer";
				COPY_PHASE_STRIP = NO;
				DEBUG_INFORMATION_FORMAT = dwarf;
				ENABLE_STRICT_OBJC_MSGSEND = YES;
				ENABLE_TESTABILITY = YES;
				GCC_C_LANGUAGE_STANDARD = gnu99;
				GCC_DYNAMIC_NO_PIC = NO;
				GCC_NO_COMMON_BLOCKS = YES;
				GCC_OPTIMIZATION_LEVEL = 0;
				GCC_PREPROCESSOR_DEFINITIONS = (
					"DEBUG=1",
					"$(inherited)",
				);
				GCC_WARN_64_TO_32_BIT_CONVERSION = YES;
				GCC_WARN_ABOUT_RETURN_TYPE = YES_ERROR;
				GCC_WARN_UNDECLARED_SELECTOR = YES;
				GCC_WARN_UNINITIALIZED_AUTOS = YES_AGGRESSIVE;
				GCC_WARN_UNUSED_FUNCTION = YES;
				GCC_WARN_UNUSED_VARIABLE = YES;
				IPHONEOS_DEPLOYMENT_TARGET = 10.2;
				MTL_ENABLE_DEBUG_INFO = YES;
				ONLY_ACTIVE_ARCH = YES;
				SDKROOT = iphoneos;
				TARGETED_DEVICE_FAMILY = "1,2";
			};
			name = Debug;
		};
		8BDA5D281E7A321400C8A1A5 /* Release */ = {
			isa = XCBuildConfiguration;
			buildSettings = {
				ALWAYS_SEARCH_USER_PATHS = NO;
				CLANG_ANALYZER_NONNULL = YES;
				CLANG_CXX_LANGUAGE_STANDARD = "gnu++0x";
				CLANG_CXX_LIBRARY = "libc++";
				CLANG_ENABLE_MODULES = YES;
				CLANG_ENABLE_OBJC_ARC = YES;
				CLANG_WARN_BOOL_CONVERSION = YES;
				CLANG_WARN_CONSTANT_CONVERSION = YES;
				CLANG_WARN_DIRECT_OBJC_ISA_USAGE = YES_ERROR;
				CLANG_WARN_DOCUMENTATION_COMMENTS = YES;
				CLANG_WARN_EMPTY_BODY = YES;
				CLANG_WARN_ENUM_CONVERSION = YES;
				CLANG_WARN_INFINITE_RECURSION = YES;
				CLANG_WARN_INT_CONVERSION = YES;
				CLANG_WARN_OBJC_ROOT_CLASS = YES_ERROR;
				CLANG_WARN_SUSPICIOUS_MOVE = YES;
				CLANG_WARN_UNREACHABLE_CODE = YES;
				CLANG_WARN__DUPLICATE_METHOD_MATCH = YES;
				"CODE_SIGN_IDENTITY[sdk=iphoneos*]" = "iPhone Developer";
				COPY_PHASE_STRIP = NO;
				DEBUG_INFORMATION_FORMAT = "dwarf-with-dsym";
				ENABLE_NS_ASSERTIONS = NO;
				ENABLE_STRICT_OBJC_MSGSEND = YES;
				GCC_C_LANGUAGE_STANDARD = gnu99;
				GCC_NO_COMMON_BLOCKS = YES;
				GCC_WARN_64_TO_32_BIT_CONVERSION = YES;
				GCC_WARN_ABOUT_RETURN_TYPE = YES_ERROR;
				GCC_WARN_UNDECLARED_SELECTOR = YES;
				GCC_WARN_UNINITIALIZED_AUTOS = YES_AGGRESSIVE;
				GCC_WARN_UNUSED_FUNCTION = YES;
				GCC_WARN_UNUSED_VARIABLE = YES;
				IPHONEOS_DEPLOYMENT_TARGET = 10.2;
				MTL_ENABLE_DEBUG_INFO = NO;
				SDKROOT = iphoneos;
				TARGETED_DEVICE_FAMILY = "1,2";
				VALIDATE_PRODUCT = YES;
			};
			name = Release;
		};
		8BDA5D2A1E7A321400C8A1A5 /* Debug */ = {
			isa = XCBuildConfiguration;
			buildSettings = {
				ASSETCATALOG_COMPILER_APPICON_NAME = AppIcon;
				DEVELOPMENT_TEAM = PA2V7TLZSR;
				INFOPLIST_FILE = Juny_NavDemo/Info.plist;
				LD_RUNPATH_SEARCH_PATHS = "$(inherited) @executable_path/Frameworks";
				PRODUCT_BUNDLE_IDENTIFIER = "Juny.Juny-NavDemo";
				PRODUCT_NAME = "$(TARGET_NAME)";
			};
			name = Debug;
		};
		8BDA5D2B1E7A321400C8A1A5 /* Release */ = {
			isa = XCBuildConfiguration;
			buildSettings = {
				ASSETCATALOG_COMPILER_APPICON_NAME = AppIcon;
				DEVELOPMENT_TEAM = PA2V7TLZSR;
				INFOPLIST_FILE = Juny_NavDemo/Info.plist;
				LD_RUNPATH_SEARCH_PATHS = "$(inherited) @executable_path/Frameworks";
				PRODUCT_BUNDLE_IDENTIFIER = "Juny.Juny-NavDemo";
				PRODUCT_NAME = "$(TARGET_NAME)";
			};
			name = Release;
		};
		8BDA5D2D1E7A321400C8A1A5 /* Debug */ = {
			isa = XCBuildConfiguration;
			buildSettings = {
				BUNDLE_LOADER = "$(TEST_HOST)";
				DEVELOPMENT_TEAM = PA2V7TLZSR;
				INFOPLIST_FILE = Juny_NavDemoTests/Info.plist;
				LD_RUNPATH_SEARCH_PATHS = "$(inherited) @executable_path/Frameworks @loader_path/Frameworks";
				PRODUCT_BUNDLE_IDENTIFIER = "Juny.Juny-NavDemoTests";
				PRODUCT_NAME = "$(TARGET_NAME)";
				TEST_HOST = "$(BUILT_PRODUCTS_DIR)/Juny_NavDemo.app/Juny_NavDemo";
			};
			name = Debug;
		};
		8BDA5D2E1E7A321400C8A1A5 /* Release */ = {
			isa = XCBuildConfiguration;
			buildSettings = {
				BUNDLE_LOADER = "$(TEST_HOST)";
				DEVELOPMENT_TEAM = PA2V7TLZSR;
				INFOPLIST_FILE = Juny_NavDemoTests/Info.plist;
				LD_RUNPATH_SEARCH_PATHS = "$(inherited) @executable_path/Frameworks @loader_path/Frameworks";
				PRODUCT_BUNDLE_IDENTIFIER = "Juny.Juny-NavDemoTests";
				PRODUCT_NAME = "$(TARGET_NAME)";
				TEST_HOST = "$(BUILT_PRODUCTS_DIR)/Juny_NavDemo.app/Juny_NavDemo";
			};
			name = Release;
		};
		8BDA5D301E7A321400C8A1A5 /* Debug */ = {
			isa = XCBuildConfiguration;
			buildSettings = {
				DEVELOPMENT_TEAM = PA2V7TLZSR;
				INFOPLIST_FILE = Juny_NavDemoUITests/Info.plist;
				LD_RUNPATH_SEARCH_PATHS = "$(inherited) @executable_path/Frameworks @loader_path/Frameworks";
				PRODUCT_BUNDLE_IDENTIFIER = "Juny.Juny-NavDemoUITests";
				PRODUCT_NAME = "$(TARGET_NAME)";
				TEST_TARGET_NAME = Juny_NavDemo;
			};
			name = Debug;
		};
		8BDA5D311E7A321400C8A1A5 /* Release */ = {
			isa = XCBuildConfiguration;
			buildSettings = {
				DEVELOPMENT_TEAM = PA2V7TLZSR;
				INFOPLIST_FILE = Juny_NavDemoUITests/Info.plist;
				LD_RUNPATH_SEARCH_PATHS = "$(inherited) @executable_path/Frameworks @loader_path/Frameworks";
				PRODUCT_BUNDLE_IDENTIFIER = "Juny.Juny-NavDemoUITests";
				PRODUCT_NAME = "$(TARGET_NAME)";
				TEST_TARGET_NAME = Juny_NavDemo;
			};
			name = Release;
		};
/* End XCBuildConfiguration section */

/* Begin XCConfigurationList section */
		8BDA5CF41E7A321400C8A1A5 /* Build configuration list for PBXProject "Juny_NavDemo" */ = {
			isa = XCConfigurationList;
			buildConfigurations = (
				8BDA5D271E7A321400C8A1A5 /* Debug */,
				8BDA5D281E7A321400C8A1A5 /* Release */,
			);
			defaultConfigurationIsVisible = 0;
			defaultConfigurationName = Release;
		};
		8BDA5D291E7A321400C8A1A5 /* Build configuration list for PBXNativeTarget "Juny_NavDemo" */ = {
			isa = XCConfigurationList;
			buildConfigurations = (
				8BDA5D2A1E7A321400C8A1A5 /* Debug */,
				8BDA5D2B1E7A321400C8A1A5 /* Release */,
			);
			defaultConfigurationIsVisible = 0;
			defaultConfigurationName = Release;
		};
		8BDA5D2C1E7A321400C8A1A5 /* Build configuration list for PBXNativeTarget "Juny_NavDemoTests" */ = {
			isa = XCConfigurationList;
			buildConfigurations = (
				8BDA5D2D1E7A321400C8A1A5 /* Debug */,
				8BDA5D2E1E7A321400C8A1A5 /* Release */,
			);
			defaultConfigurationIsVisible = 0;
			defaultConfigurationName = Release;
		};
		8BDA5D2F1E7A321400C8A1A5 /* Build configuration list for PBXNativeTarget "Juny_NavDemoUITests" */ = {
			isa = XCConfigurationList;
			buildConfigurations = (
				8BDA5D301E7A321400C8A1A5 /* Debug */,
				8BDA5D311E7A321400C8A1A5 /* Release */,
			);
			defaultConfigurationIsVisible = 0;
			defaultConfigurationName = Release;
		};
/* End XCConfigurationList section */

/* Begin XCVersionGroup section */
		8BDA5D081E7A321400C8A1A5 /* Juny_NavDemo.xcdatamodeld */ = {
			isa = XCVersionGroup;
			children = (
				8BDA5D091E7A321400C8A1A5 /* Juny_NavDemo.xcdatamodel */,
			);
			currentVersion = 8BDA5D091E7A321400C8A1A5 /* Juny_NavDemo.xcdatamodel */;
			path = Juny_NavDemo.xcdatamodeld;
			sourceTree = "<group>";
			versionGroupType = wrapper.xcdatamodel;
		};
/* End XCVersionGroup section */
	};
	rootObject = 8BDA5CF11E7A321400C8A1A5 /* Project object */;
}
